
Microsoft Visual Studio Solution File, Format Version 12.00
# Visual Studio 15
VisualStudioVersion = 15.0.28307.421
MinimumVisualStudioVersion = 10.0.40219.1
Project("{FAE04EC0-301F-11D3-BF4B-00C04F79EFBC}") = "QuanLyKhachSan", "QuanLyKhachSan\QuanLyKhachSan.csproj", "{7952F38A-2011-44CC-84B1-5C20EEED91A3}"
EndProject
Global
	GlobalSection(SolutionConfigurationPlatforms) = preSolution
		Debug|Any CPU = Debug|Any CPU
		Release|Any CPU = Release|Any CPU
	EndGlobalSection
	GlobalSection(ProjectConfigurationPlatforms) = postSolution
		{7952F38A-2011-44CC-84B1-5C20EEED91A3}.Debug|Any CPU.ActiveCfg = Debug|Any CPU
		{7952F38A-2011-44CC-84B1-5C20EEED91A3}.Debug|Any CPU.Build.0 = Debug|Any CPU
		{7952F38A-2011-44CC-84B1-5C20EEED91A3}.Release|Any CPU.ActiveCfg = Release|Any CPU
		{7952F38A-2011-44CC-84B1-5C20EEED91A3}.Release|Any CPU.Build.0 = Release|Any CPU
	EndGlobalSection
	GlobalSection(SolutionProperties) = preSolution
		HideSolutionNode = FALSE
	EndGlobalSection
	GlobalSection(ExtensibilityGlobals) = postSolution
		SolutionGuid = {A6FA941F-F258-427F-AF09-7D6049894F54}
	EndGlobalSection
EndGlobal
